
Microsoft Visual Studio Solution File, Format Version 12.00
# Visual Studio 14
VisualStudioVersion = 14.0.25420.1
MinimumVisualStudioVersion = 10.0.40219.1
Project("{2150E333-8FDC-42A3-9474-1A3956D46DE8}") = "Reflection", "Reflection", "{BEA721B5-5E90-4E98-B55F-B907F01C34E0}"
EndProject
Project("{2150E333-8FDC-42A3-9474-1A3956D46DE8}") = "T4", "T4", "{D16B33D9-CD64-4983-9B37-646963539FBF}"
EndProject
Project("{2150E333-8FDC-42A3-9474-1A3956D46DE8}") = "CodeDOM", "CodeDOM", "{BBBE24B2-C282-4FE5-A408-B6277A025114}"
EndProject
Project("{2150E333-8FDC-42A3-9474-1A3956D46DE8}") = "Reflection.Emit", "Reflection.Emit", "{790A8477-4350-4441-AE6A-BDFEB3CD44A9}"
EndProject
Project("{2150E333-8FDC-42A3-9474-1A3956D46DE8}") = "Type Providers", "Type Providers", "{D2F8663F-5769-4F7F-87E7-79CD9CACBD25}"
EndProject
Project("{FAE04EC0-301F-11D3-BF4B-00C04F79EFBC}") = "01_HelloWorld", "T4\01_HelloWorld\01_HelloWorld.csproj", "{6E188689-A64A-4597-B0F4-2CB527BB38BB}"
EndProject
Project("{FAE04EC0-301F-11D3-BF4B-00C04F79EFBC}") = "02_PregeneratedTemplates", "T4\02_PregeneratedTemplates\02_PregeneratedTemplates.csproj", "{F7DA2B0A-139D-4BDE-BD2A-FC9B37D39ADC}"
EndProject
Project("{FAE04EC0-301F-11D3-BF4B-00C04F79EFBC}") = "03_NestedTemplates", "T4\03_NestedTemplates\03_NestedTemplates.csproj", "{4AFFECC7-28CF-4A41-8707-138E6217AECF}"
EndProject
Project("{FAE04EC0-301F-11D3-BF4B-00C04F79EFBC}") = "04_ErrorsAndWarnings", "T4\04_ErrorsAndWarnings\04_ErrorsAndWarnings.csproj", "{4D42A422-FB88-440D-9458-BBD3F9D08249}"
EndProject
Project("{FAE04EC0-301F-11D3-BF4B-00C04F79EFBC}") = "NancyFxCustom", "Reflection\NancyFxCustom\NancyFxCustom.csproj", "{64BE614E-CBBD-439D-850C-EAFE11308EA8}"
EndProject
Project("{FAE04EC0-301F-11D3-BF4B-00C04F79EFBC}") = "NancyFxCustomResult", "Reflection\NancyFxCustomResult\NancyFxCustomResult.csproj", "{4368BA43-AA5A-406C-BA32-62C936C9F061}"
EndProject
Project("{FAE04EC0-301F-11D3-BF4B-00C04F79EFBC}") = "NancyFxDemo", "Reflection\NancyFxDemo\NancyFxDemo.csproj", "{D1C6AB99-85F6-4ED4-A215-377E444E28E4}"
EndProject
Project("{FAE04EC0-301F-11D3-BF4B-00C04F79EFBC}") = "05_GeneratingPOCO", "T4\05_GeneratingPOCO\05_GeneratingPOCO.csproj", "{C1F368F8-27DF-449D-9123-F315A3BCB7D9}"
EndProject
Project("{FAE04EC0-301F-11D3-BF4B-00C04F79EFBC}") = "03_Compiler", "CodeDOM\Compiler\03_Compiler.csproj", "{7B1CB910-06B2-4127-BD25-0C7CC3D7CA0D}"
EndProject
Project("{FAE04EC0-301F-11D3-BF4B-00C04F79EFBC}") = "02_Languages", "CodeDOM\Exploration\02_Languages.csproj", "{EE855172-B431-4141-AF40-A80CBC60C956}"
EndProject
Project("{FAE04EC0-301F-11D3-BF4B-00C04F79EFBC}") = "01_HelloWorld", "CodeDOM\HelloWorld\01_HelloWorld.csproj", "{B8FEC498-8162-413E-B81E-012AB7086283}"
EndProject
Project("{FAE04EC0-301F-11D3-BF4B-00C04F79EFBC}") = "ObjectComparator", "Reflection.Emit\ObjectComparator\ObjectComparator.csproj", "{56DCFA9F-2D16-45F6-914C-42396C7AA05F}"
EndProject
Project("{2150E333-8FDC-42A3-9474-1A3956D46DE8}") = "Expressions", "Expressions", "{6C5B44DA-B4C4-47DB-8755-A944418F403E}"
EndProject
Project("{FAE04EC0-301F-11D3-BF4B-00C04F79EFBC}") = "WhatAreExpressions", "WhareAreExpressions\WhatAreExpressions.csproj", "{A87A037D-F6C4-4C2C-B149-EEC99228E4B4}"
EndProject
Project("{FAE04EC0-301F-11D3-BF4B-00C04F79EFBC}") = "EntityFrameworkDemo", "EntityFrameworkDemo\EntityFrameworkDemo.csproj", "{11F3ADF0-E151-4B0C-A0CA-7DD718DCD485}"
EndProject
Project("{F2A71F9B-5D33-465A-A702-920D77279786}") = "TypeProviders3", "TypeProviders3\TypeProviders3.fsproj", "{1CC82B98-69A9-4130-8AFF-DE3D7FAE5298}"
EndProject
Global
	GlobalSection(SolutionConfigurationPlatforms) = preSolution
		Debug|Any CPU = Debug|Any CPU
		Release|Any CPU = Release|Any CPU
	EndGlobalSection
	GlobalSection(ProjectConfigurationPlatforms) = postSolution
		{6E188689-A64A-4597-B0F4-2CB527BB38BB}.Debug|Any CPU.ActiveCfg = Debug|Any CPU
		{6E188689-A64A-4597-B0F4-2CB527BB38BB}.Debug|Any CPU.Build.0 = Debug|Any CPU
		{6E188689-A64A-4597-B0F4-2CB527BB38BB}.Release|Any CPU.ActiveCfg = Release|Any CPU
		{6E188689-A64A-4597-B0F4-2CB527BB38BB}.Release|Any CPU.Build.0 = Release|Any CPU
		{F7DA2B0A-139D-4BDE-BD2A-FC9B37D39ADC}.Debug|Any CPU.ActiveCfg = Debug|Any CPU
		{F7DA2B0A-139D-4BDE-BD2A-FC9B37D39ADC}.Debug|Any CPU.Build.0 = Debug|Any CPU
		{F7DA2B0A-139D-4BDE-BD2A-FC9B37D39ADC}.Release|Any CPU.ActiveCfg = Release|Any CPU
		{F7DA2B0A-139D-4BDE-BD2A-FC9B37D39ADC}.Release|Any CPU.Build.0 = Release|Any CPU
		{4AFFECC7-28CF-4A41-8707-138E6217AECF}.Debug|Any CPU.ActiveCfg = Debug|Any CPU
		{4AFFECC7-28CF-4A41-8707-138E6217AECF}.Debug|Any CPU.Build.0 = Debug|Any CPU
		{4AFFECC7-28CF-4A41-8707-138E6217AECF}.Release|Any CPU.ActiveCfg = Release|Any CPU
		{4AFFECC7-28CF-4A41-8707-138E6217AECF}.Release|Any CPU.Build.0 = Release|Any CPU
		{4D42A422-FB88-440D-9458-BBD3F9D08249}.Debug|Any CPU.ActiveCfg = Debug|Any CPU
		{4D42A422-FB88-440D-9458-BBD3F9D08249}.Debug|Any CPU.Build.0 = Debug|Any CPU
		{4D42A422-FB88-440D-9458-BBD3F9D08249}.Release|Any CPU.ActiveCfg = Release|Any CPU
		{4D42A422-FB88-440D-9458-BBD3F9D08249}.Release|Any CPU.Build.0 = Release|Any CPU
		{64BE614E-CBBD-439D-850C-EAFE11308EA8}.Debug|Any CPU.ActiveCfg = Debug|Any CPU
		{64BE614E-CBBD-439D-850C-EAFE11308EA8}.Debug|Any CPU.Build.0 = Debug|Any CPU
		{64BE614E-CBBD-439D-850C-EAFE11308EA8}.Release|Any CPU.ActiveCfg = Release|Any CPU
		{64BE614E-CBBD-439D-850C-EAFE11308EA8}.Release|Any CPU.Build.0 = Release|Any CPU
		{4368BA43-AA5A-406C-BA32-62C936C9F061}.Debug|Any CPU.ActiveCfg = Debug|Any CPU
		{4368BA43-AA5A-406C-BA32-62C936C9F061}.Debug|Any CPU.Build.0 = Debug|Any CPU
		{4368BA43-AA5A-406C-BA32-62C936C9F061}.Release|Any CPU.ActiveCfg = Release|Any CPU
		{4368BA43-AA5A-406C-BA32-62C936C9F061}.Release|Any CPU.Build.0 = Release|Any CPU
		{D1C6AB99-85F6-4ED4-A215-377E444E28E4}.Debug|Any CPU.ActiveCfg = Debug|Any CPU
		{D1C6AB99-85F6-4ED4-A215-377E444E28E4}.Debug|Any CPU.Build.0 = Debug|Any CPU
		{D1C6AB99-85F6-4ED4-A215-377E444E28E4}.Release|Any CPU.ActiveCfg = Release|Any CPU
		{D1C6AB99-85F6-4ED4-A215-377E444E28E4}.Release|Any CPU.Build.0 = Release|Any CPU
		{C1F368F8-27DF-449D-9123-F315A3BCB7D9}.Debug|Any CPU.ActiveCfg = Debug|Any CPU
		{C1F368F8-27DF-449D-9123-F315A3BCB7D9}.Debug|Any CPU.Build.0 = Debug|Any CPU
		{C1F368F8-27DF-449D-9123-F315A3BCB7D9}.Release|Any CPU.ActiveCfg = Release|Any CPU
		{C1F368F8-27DF-449D-9123-F315A3BCB7D9}.Release|Any CPU.Build.0 = Release|Any CPU
		{7B1CB910-06B2-4127-BD25-0C7CC3D7CA0D}.Debug|Any CPU.ActiveCfg = Debug|Any CPU
		{7B1CB910-06B2-4127-BD25-0C7CC3D7CA0D}.Debug|Any CPU.Build.0 = Debug|Any CPU
		{7B1CB910-06B2-4127-BD25-0C7CC3D7CA0D}.Release|Any CPU.ActiveCfg = Release|Any CPU
		{7B1CB910-06B2-4127-BD25-0C7CC3D7CA0D}.Release|Any CPU.Build.0 = Release|Any CPU
		{EE855172-B431-4141-AF40-A80CBC60C956}.Debug|Any CPU.ActiveCfg = Debug|Any CPU
		{EE855172-B431-4141-AF40-A80CBC60C956}.Debug|Any CPU.Build.0 = Debug|Any CPU
		{EE855172-B431-4141-AF40-A80CBC60C956}.Release|Any CPU.ActiveCfg = Release|Any CPU
		{EE855172-B431-4141-AF40-A80CBC60C956}.Release|Any CPU.Build.0 = Release|Any CPU
		{B8FEC498-8162-413E-B81E-012AB7086283}.Debug|Any CPU.ActiveCfg = Debug|Any CPU
		{B8FEC498-8162-413E-B81E-012AB7086283}.Debug|Any CPU.Build.0 = Debug|Any CPU
		{B8FEC498-8162-413E-B81E-012AB7086283}.Release|Any CPU.ActiveCfg = Release|Any CPU
		{B8FEC498-8162-413E-B81E-012AB7086283}.Release|Any CPU.Build.0 = Release|Any CPU
		{56DCFA9F-2D16-45F6-914C-42396C7AA05F}.Debug|Any CPU.ActiveCfg = Debug|Any CPU
		{56DCFA9F-2D16-45F6-914C-42396C7AA05F}.Debug|Any CPU.Build.0 = Debug|Any CPU
		{56DCFA9F-2D16-45F6-914C-42396C7AA05F}.Release|Any CPU.ActiveCfg = Release|Any CPU
		{56DCFA9F-2D16-45F6-914C-42396C7AA05F}.Release|Any CPU.Build.0 = Release|Any CPU
		{A87A037D-F6C4-4C2C-B149-EEC99228E4B4}.Debug|Any CPU.ActiveCfg = Debug|Any CPU
		{A87A037D-F6C4-4C2C-B149-EEC99228E4B4}.Debug|Any CPU.Build.0 = Debug|Any CPU
		{A87A037D-F6C4-4C2C-B149-EEC99228E4B4}.Release|Any CPU.ActiveCfg = Release|Any CPU
		{A87A037D-F6C4-4C2C-B149-EEC99228E4B4}.Release|Any CPU.Build.0 = Release|Any CPU
		{11F3ADF0-E151-4B0C-A0CA-7DD718DCD485}.Debug|Any CPU.ActiveCfg = Debug|Any CPU
		{11F3ADF0-E151-4B0C-A0CA-7DD718DCD485}.Debug|Any CPU.Build.0 = Debug|Any CPU
		{11F3ADF0-E151-4B0C-A0CA-7DD718DCD485}.Release|Any CPU.ActiveCfg = Release|Any CPU
		{11F3ADF0-E151-4B0C-A0CA-7DD718DCD485}.Release|Any CPU.Build.0 = Release|Any CPU
		{1CC82B98-69A9-4130-8AFF-DE3D7FAE5298}.Debug|Any CPU.ActiveCfg = Debug|Any CPU
		{1CC82B98-69A9-4130-8AFF-DE3D7FAE5298}.Debug|Any CPU.Build.0 = Debug|Any CPU
		{1CC82B98-69A9-4130-8AFF-DE3D7FAE5298}.Release|Any CPU.ActiveCfg = Release|Any CPU
		{1CC82B98-69A9-4130-8AFF-DE3D7FAE5298}.Release|Any CPU.Build.0 = Release|Any CPU
	EndGlobalSection
	GlobalSection(SolutionProperties) = preSolution
		HideSolutionNode = FALSE
	EndGlobalSection
	GlobalSection(NestedProjects) = preSolution
		{6E188689-A64A-4597-B0F4-2CB527BB38BB} = {D16B33D9-CD64-4983-9B37-646963539FBF}
		{F7DA2B0A-139D-4BDE-BD2A-FC9B37D39ADC} = {D16B33D9-CD64-4983-9B37-646963539FBF}
		{4AFFECC7-28CF-4A41-8707-138E6217AECF} = {D16B33D9-CD64-4983-9B37-646963539FBF}
		{4D42A422-FB88-440D-9458-BBD3F9D08249} = {D16B33D9-CD64-4983-9B37-646963539FBF}
		{64BE614E-CBBD-439D-850C-EAFE11308EA8} = {BEA721B5-5E90-4E98-B55F-B907F01C34E0}
		{4368BA43-AA5A-406C-BA32-62C936C9F061} = {BEA721B5-5E90-4E98-B55F-B907F01C34E0}
		{D1C6AB99-85F6-4ED4-A215-377E444E28E4} = {BEA721B5-5E90-4E98-B55F-B907F01C34E0}
		{C1F368F8-27DF-449D-9123-F315A3BCB7D9} = {D16B33D9-CD64-4983-9B37-646963539FBF}
		{7B1CB910-06B2-4127-BD25-0C7CC3D7CA0D} = {BBBE24B2-C282-4FE5-A408-B6277A025114}
		{EE855172-B431-4141-AF40-A80CBC60C956} = {BBBE24B2-C282-4FE5-A408-B6277A025114}
		{B8FEC498-8162-413E-B81E-012AB7086283} = {BBBE24B2-C282-4FE5-A408-B6277A025114}
		{56DCFA9F-2D16-45F6-914C-42396C7AA05F} = {790A8477-4350-4441-AE6A-BDFEB3CD44A9}
		{A87A037D-F6C4-4C2C-B149-EEC99228E4B4} = {6C5B44DA-B4C4-47DB-8755-A944418F403E}
		{11F3ADF0-E151-4B0C-A0CA-7DD718DCD485} = {6C5B44DA-B4C4-47DB-8755-A944418F403E}
		{1CC82B98-69A9-4130-8AFF-DE3D7FAE5298} = {D2F8663F-5769-4F7F-87E7-79CD9CACBD25}
	EndGlobalSection
EndGlobal
